
Microsoft Visual Studio Solution File, Format Version 12.00
# Visual Studio Version 17
VisualStudioVersion = 17.9.34616.47
MinimumVisualStudioVersion = 10.0.40219.1
Project("{FAE04EC0-301F-11D3-BF4B-00C04F79EFBC}") = "FastFood_CW", "FastFood_CW\FastFood_CW.csproj", "{3D80F325-D9E8-45EA-9BF0-71AD5B903AD3}"
EndProject
Global
	GlobalSection(SolutionConfigurationPlatforms) = preSolution
		Debug|Any CPU = Debug|Any CPU
		Release|Any CPU = Release|Any CPU
	EndGlobalSection
	GlobalSection(ProjectConfigurationPlatforms) = postSolution
		{3D80F325-D9E8-45EA-9BF0-71AD5B903AD3}.Debug|Any CPU.ActiveCfg = Debug|Any CPU
		{3D80F325-D9E8-45EA-9BF0-71AD5B903AD3}.Debug|Any CPU.Build.0 = Debug|Any CPU
		{3D80F325-D9E8-45EA-9BF0-71AD5B903AD3}.Release|Any CPU.ActiveCfg = Release|Any CPU
		{3D80F325-D9E8-45EA-9BF0-71AD5B903AD3}.Release|Any CPU.Build.0 = Release|Any CPU
	EndGlobalSection
	GlobalSection(SolutionProperties) = preSolution
		HideSolutionNode = FALSE
	EndGlobalSection
	GlobalSection(ExtensibilityGlobals) = postSolution
		SolutionGuid = {326562E6-2209-40E2-A13C-1C6FEC88D665}
	EndGlobalSection
EndGlobal
